
Microsoft Visual Studio Solution File, Format Version 12.00
# Visual Studio Version 17
VisualStudioVersion = 17.8.34525.116
MinimumVisualStudioVersion = 10.0.40219.1
Project("{FAE04EC0-301F-11D3-BF4B-00C04F79EFBC}") = "Programo", "Programo.csproj", "{59D4EE9A-CB97-46F2-829C-E18B7C02AADB}"
EndProject
Global
	GlobalSection(SolutionConfigurationPlatforms) = preSolution
		Debug|Any CPU = Debug|Any CPU
		Release|Any CPU = Release|Any CPU
	EndGlobalSection
	GlobalSection(ProjectConfigurationPlatforms) = postSolution
		{59D4EE9A-CB97-46F2-829C-E18B7C02AADB}.Debug|Any CPU.ActiveCfg = Debug|Any CPU
		{59D4EE9A-CB97-46F2-829C-E18B7C02AADB}.Debug|Any CPU.Build.0 = Debug|Any CPU
		{59D4EE9A-CB97-46F2-829C-E18B7C02AADB}.Release|Any CPU.ActiveCfg = Release|Any CPU
		{59D4EE9A-CB97-46F2-829C-E18B7C02AADB}.Release|Any CPU.Build.0 = Release|Any CPU
	EndGlobalSection
	GlobalSection(SolutionProperties) = preSolution
		HideSolutionNode = FALSE
	EndGlobalSection
	GlobalSection(ExtensibilityGlobals) = postSolution
		SolutionGuid = {39666E50-3752-479C-890D-F9312871C556}
	EndGlobalSection
EndGlobal
